
Microsoft Visual Studio Solution File, Format Version 12.00
# Visual Studio Version 17
VisualStudioVersion = 17.14.37301.10 d17.14
MinimumVisualStudioVersion = 10.0.40219.1
Project("{FAE04EC0-301F-11D3-BF4B-00C04F79EFBC}") = "LIPAJOLI", "LIPAJOLI\LIPAJOLI.csproj", "{87079EDE-645F-4B47-B759-FB420C6D576E}"
EndProject
Global
	GlobalSection(SolutionConfigurationPlatforms) = preSolution
		Debug|Any CPU = Debug|Any CPU
		Release|Any CPU = Release|Any CPU
	EndGlobalSection
	GlobalSection(ProjectConfigurationPlatforms) = postSolution
		{87079EDE-645F-4B47-B759-FB420C6D576E}.Debug|Any CPU.ActiveCfg = Debug|Any CPU
		{87079EDE-645F-4B47-B759-FB420C6D576E}.Debug|Any CPU.Build.0 = Debug|Any CPU
		{87079EDE-645F-4B47-B759-FB420C6D576E}.Release|Any CPU.ActiveCfg = Release|Any CPU
		{87079EDE-645F-4B47-B759-FB420C6D576E}.Release|Any CPU.Build.0 = Release|Any CPU
	EndGlobalSection
	GlobalSection(SolutionProperties) = preSolution
		HideSolutionNode = FALSE
	EndGlobalSection
	GlobalSection(ExtensibilityGlobals) = postSolution
		SolutionGuid = {86ECFAA6-0659-4690-9258-5AD7621414AE}
	EndGlobalSection
EndGlobal
